
Microsoft Visual Studio Solution File, Format Version 12.00
# Visual Studio 15
Project("{FAE04EC0-301F-11D3-BF4B-00C04F79EFBC}") = "Assembly-CSharp", "Assembly-CSharp.csproj", "{EF9703A1-9C1C-6006-5DBC-AEF4D45950A3}"
EndProject
Project("{FAE04EC0-301F-11D3-BF4B-00C04F79EFBC}") = "Assembly-CSharp-Editor", "Assembly-CSharp-Editor.csproj", "{613E0AA1-837D-4E1E-18E0-FAA43425D49D}"
EndProject
Global
	GlobalSection(SolutionConfigurationPlatforms) = preSolution
		Debug|Any CPU = Debug|Any CPU
		Release|Any CPU = Release|Any CPU
	EndGlobalSection
	GlobalSection(ProjectConfigurationPlatforms) = postSolution
		{EF9703A1-9C1C-6006-5DBC-AEF4D45950A3}.Debug|Any CPU.ActiveCfg = Debug|Any CPU
		{EF9703A1-9C1C-6006-5DBC-AEF4D45950A3}.Debug|Any CPU.Build.0 = Debug|Any CPU
		{EF9703A1-9C1C-6006-5DBC-AEF4D45950A3}.Release|Any CPU.ActiveCfg = Release|Any CPU
		{EF9703A1-9C1C-6006-5DBC-AEF4D45950A3}.Release|Any CPU.Build.0 = Release|Any CPU
		{613E0AA1-837D-4E1E-18E0-FAA43425D49D}.Debug|Any CPU.ActiveCfg = Debug|Any CPU
		{613E0AA1-837D-4E1E-18E0-FAA43425D49D}.Debug|Any CPU.Build.0 = Debug|Any CPU
		{613E0AA1-837D-4E1E-18E0-FAA43425D49D}.Release|Any CPU.ActiveCfg = Release|Any CPU
		{613E0AA1-837D-4E1E-18E0-FAA43425D49D}.Release|Any CPU.Build.0 = Release|Any CPU
	EndGlobalSection
	GlobalSection(SolutionProperties) = preSolution
		HideSolutionNode = FALSE
	EndGlobalSection
	GlobalSection(MonoDevelopProperties) = preSolution
		StartupItem = Assembly-CSharp.csproj
	EndGlobalSection
EndGlobal
